
Microsoft Visual Studio Solution File, Format Version 12.00
# Visual Studio 15
VisualStudioVersion = 15.0.28307.572
MinimumVisualStudioVersion = 10.0.40219.1
Project("{9A19103F-16F7-4668-BE54-9A1E7A4F7556}") = "BowlingScorecard", "BowlingScorecard\BowlingScorecard.csproj", "{4654609B-17BC-48B9-A545-296A8CDA28C2}"
EndProject
Project("{9A19103F-16F7-4668-BE54-9A1E7A4F7556}") = "BowlingScorecardApp", "BowlingScorecardApp\BowlingScorecardApp.csproj", "{C36D3649-208A-4156-8AA5-EBB6DAC987EB}"
EndProject
Project("{9A19103F-16F7-4668-BE54-9A1E7A4F7556}") = "BowlingForFunTests", "BowlingForFunTests\BowlingForFunTests.csproj", "{1BE67A12-22E9-4D38-AE58-006526C1C96E}"
EndProject
Global
	GlobalSection(SolutionConfigurationPlatforms) = preSolution
		Debug|Any CPU = Debug|Any CPU
		Release|Any CPU = Release|Any CPU
	EndGlobalSection
	GlobalSection(ProjectConfigurationPlatforms) = postSolution
		{4654609B-17BC-48B9-A545-296A8CDA28C2}.Debug|Any CPU.ActiveCfg = Debug|Any CPU
		{4654609B-17BC-48B9-A545-296A8CDA28C2}.Debug|Any CPU.Build.0 = Debug|Any CPU
		{4654609B-17BC-48B9-A545-296A8CDA28C2}.Release|Any CPU.ActiveCfg = Release|Any CPU
		{4654609B-17BC-48B9-A545-296A8CDA28C2}.Release|Any CPU.Build.0 = Release|Any CPU
		{C36D3649-208A-4156-8AA5-EBB6DAC987EB}.Debug|Any CPU.ActiveCfg = Debug|Any CPU
		{C36D3649-208A-4156-8AA5-EBB6DAC987EB}.Debug|Any CPU.Build.0 = Debug|Any CPU
		{C36D3649-208A-4156-8AA5-EBB6DAC987EB}.Release|Any CPU.ActiveCfg = Release|Any CPU
		{C36D3649-208A-4156-8AA5-EBB6DAC987EB}.Release|Any CPU.Build.0 = Release|Any CPU
		{1BE67A12-22E9-4D38-AE58-006526C1C96E}.Debug|Any CPU.ActiveCfg = Debug|Any CPU
		{1BE67A12-22E9-4D38-AE58-006526C1C96E}.Debug|Any CPU.Build.0 = Debug|Any CPU
		{1BE67A12-22E9-4D38-AE58-006526C1C96E}.Release|Any CPU.ActiveCfg = Release|Any CPU
		{1BE67A12-22E9-4D38-AE58-006526C1C96E}.Release|Any CPU.Build.0 = Release|Any CPU
	EndGlobalSection
	GlobalSection(SolutionProperties) = preSolution
		HideSolutionNode = FALSE
	EndGlobalSection
	GlobalSection(ExtensibilityGlobals) = postSolution
		SolutionGuid = {06D74944-2914-4A0F-92CB-F3CB0F32020D}
	EndGlobalSection
EndGlobal
